
Microsoft Visual Studio Solution File, Format Version 12.00
# Visual Studio Version 16
VisualStudioVersion = 16.0.808.10
MinimumVisualStudioVersion = 10.0.40219.1
Project("{FAE04EC0-301F-11D3-BF4B-00C04F79EFBC}") = "ArrayGames", "ArrayGames\ArrayGames.csproj", "{0208774E-6D07-40B8-B47A-C308076728F1}"
EndProject
Global
	GlobalSection(SolutionConfigurationPlatforms) = preSolution
		Debug|Any CPU = Debug|Any CPU
		Release|Any CPU = Release|Any CPU
	EndGlobalSection
	GlobalSection(ProjectConfigurationPlatforms) = postSolution
		{0208774E-6D07-40B8-B47A-C308076728F1}.Debug|Any CPU.ActiveCfg = Debug|Any CPU
		{0208774E-6D07-40B8-B47A-C308076728F1}.Debug|Any CPU.Build.0 = Debug|Any CPU
		{0208774E-6D07-40B8-B47A-C308076728F1}.Release|Any CPU.ActiveCfg = Release|Any CPU
		{0208774E-6D07-40B8-B47A-C308076728F1}.Release|Any CPU.Build.0 = Release|Any CPU
	EndGlobalSection
	GlobalSection(SolutionProperties) = preSolution
		HideSolutionNode = FALSE
	EndGlobalSection
	GlobalSection(ExtensibilityGlobals) = postSolution
		SolutionGuid = {61D53232-21E7-4809-8214-1C4B38562EB0}
	EndGlobalSection
EndGlobal
